github.com/candid82/liner v1.4.0 h1:nUhs4pv/cnpnBERwJHmqmgargZTWnPbDJ67HtQcfSTo=
github.com/candid82/liner v1.4.0/go.mod h1:shD5EWTOYasmaGjMfuaB82N9YxGMIAEoXjQEH6RoGvo=
github.com/jcburley/go-spew v1.3.0 h1:BEDwhba3G98zXLFjN4fIWaIQVhUr0Yb6fxJPtXP02yY=
github.com/jcburley/go-spew v1.3.0/go.mod h1:IgTbFHsV1GytTFzdY5NkZP/M5Wq4bBWghboOjtbUCKM=
github.com/mattn/go-runewidth v0.0.3 h1:a+kO+98RDGEfo6asOGMmpodZq4FNtnGP54yps8BzLR4=
github.com/mattn/go-runewidth v0.0.3/go.mod h1:LwmH8dsx7+W8Uxz3IHJYH5QSwggIsqBzpuz5H//U1FU=
github.com/pkg/profile v1.6.0 h1:hUDfIISABYI59DyeB3OTay/HxSRwTQ8rB/H83k6r5dM=
github.com/pkg/profile v1.6.0/go.mod h1:qBsxPvzyUincmltOk6iyRVxHYg4adc0OFOv72ZdLa18=
github.com/yuin/goldmark v1.4.11 h1:i45YIzqLnUc2tGaTlJCyUxSG8TvgyGqhqOZOUKIjJ6w=
github.com/yuin/goldmark v1.4.11/go.mod h1:rmuwmfZ0+bvzB24eSC//bk1R1Zp3hM0OXYv/G2LIilg=
go.etcd.io/bbolt v1.3.6 h1:/ecaJf0sk1l4l6V4awd65v2C3ILy7MSj+s/x1ADCIMU=
go.etcd.io/bbolt v1.3.6/go.mod h1:qXsaaIqmgQH0T+OPdb99Bf+PKfBBQVAdyD6TY9G8XM4=
golang.org/x/sys v0.0.0-20200923182605-d9f96fdee20d/go.mod h1:h1NjWce9XRLGQEsW7wpKNCjG9DtNlClVuFLEZdDNbEs=
golang.org/x/sys v0.0.0-20220712014510-0a85c31ab51e h1:NHvCuwuS43lGnYhten69ZWqi2QOj/CiDNcKbVqwVoew=
golang.org/x/sys v0.0.0-20220712014510-0a85c31ab51e/go.mod h1:oPkhp1MJrh7nUepCBck5+mAzfO9JrbApNNgaTdGDITg=
gopkg.in/check.v1 v0.0.0-20161208181325-20d25e280405 h1:yhCVgyC4o1eVCa2tZl7eS0r+SDo693bJlVdllGtEeKM=
gopkg.in/check.v1 v0.0.0-20161208181325-20d25e280405/go.mod h1:Co6ibVJAznAaIkqp8huTwlJQCZ016jof/cbN4VW5Yz0=
gopkg.in/yaml.v2 v2.4.0 h1:D8xgwECY7CYvx+Y2n4sBz93Jn9JRvxdiyyo8CTfuKaY=
gopkg.in/yaml.v2 v2.4.0/go.mod h1:RDklbk79AGWmwhnvt/jBztapEOGDOx6ZbXqjP6csGnQ=
